
Microsoft Visual Studio Solution File, Format Version 12.00
# Visual Studio Version 17
VisualStudioVersion = 17.7.34024.191
MinimumVisualStudioVersion = 10.0.40219.1
Project("{FAE04EC0-301F-11D3-BF4B-00C04F79EFBC}") = "Тумаков 8лаб", "Тумаков 8лаб\Тумаков 8лаб.csproj", "{56896516-105C-4734-91CF-102C7C561524}"
EndProject
Global
	GlobalSection(SolutionConfigurationPlatforms) = preSolution
		Debug|Any CPU = Debug|Any CPU
		Release|Any CPU = Release|Any CPU
	EndGlobalSection
	GlobalSection(ProjectConfigurationPlatforms) = postSolution
		{56896516-105C-4734-91CF-102C7C561524}.Debug|Any CPU.ActiveCfg = Debug|Any CPU
		{56896516-105C-4734-91CF-102C7C561524}.Debug|Any CPU.Build.0 = Debug|Any CPU
		{56896516-105C-4734-91CF-102C7C561524}.Release|Any CPU.ActiveCfg = Release|Any CPU
		{56896516-105C-4734-91CF-102C7C561524}.Release|Any CPU.Build.0 = Release|Any CPU
	EndGlobalSection
	GlobalSection(SolutionProperties) = preSolution
		HideSolutionNode = FALSE
	EndGlobalSection
	GlobalSection(ExtensibilityGlobals) = postSolution
		SolutionGuid = {54EFE54C-2CA7-4745-8745-8C2B4C913530}
	EndGlobalSection
EndGlobal
